
Microsoft Visual Studio Solution File, Format Version 12.00
# Visual Studio Version 16
VisualStudioVersion = 16.0.31112.23
MinimumVisualStudioVersion = 10.0.40219.1
Project("{FAE04EC0-301F-11D3-BF4B-00C04F79EFBC}") = "TheRoadWarriorUnitTesting", "TheRoadWarriorUnitTesting\TheRoadWarriorUnitTesting.csproj", "{CD4BE39D-7117-4E3F-AAD7-613508F1AFAE}"
EndProject
Global
	GlobalSection(SolutionConfigurationPlatforms) = preSolution
		Debug|Any CPU = Debug|Any CPU
		Release|Any CPU = Release|Any CPU
	EndGlobalSection
	GlobalSection(ProjectConfigurationPlatforms) = postSolution
		{CD4BE39D-7117-4E3F-AAD7-613508F1AFAE}.Debug|Any CPU.ActiveCfg = Debug|Any CPU
		{CD4BE39D-7117-4E3F-AAD7-613508F1AFAE}.Debug|Any CPU.Build.0 = Debug|Any CPU
		{CD4BE39D-7117-4E3F-AAD7-613508F1AFAE}.Release|Any CPU.ActiveCfg = Release|Any CPU
		{CD4BE39D-7117-4E3F-AAD7-613508F1AFAE}.Release|Any CPU.Build.0 = Release|Any CPU
	EndGlobalSection
	GlobalSection(SolutionProperties) = preSolution
		HideSolutionNode = FALSE
	EndGlobalSection
	GlobalSection(ExtensibilityGlobals) = postSolution
		SolutionGuid = {1776E189-9941-4B44-8B8A-0C4EB2812C0F}
	EndGlobalSection
EndGlobal
